
Microsoft Visual Studio Solution File, Format Version 12.00
# Visual Studio Version 17
VisualStudioVersion = 17.5.33516.290
MinimumVisualStudioVersion = 10.0.40219.1
Project("{9A19103F-16F7-4668-BE54-9A1E7A4F7556}") = "getting-started-jaeger", "getting-started-jaeger.csproj", "{AB21F047-8B74-435F-AF9A-4E4EA37E9FAE}"
EndProject
Global
	GlobalSection(SolutionConfigurationPlatforms) = preSolution
		Debug|Any CPU = Debug|Any CPU
		Release|Any CPU = Release|Any CPU
	EndGlobalSection
	GlobalSection(ProjectConfigurationPlatforms) = postSolution
		{AB21F047-8B74-435F-AF9A-4E4EA37E9FAE}.Debug|Any CPU.ActiveCfg = Debug|Any CPU
		{AB21F047-8B74-435F-AF9A-4E4EA37E9FAE}.Debug|Any CPU.Build.0 = Debug|Any CPU
		{AB21F047-8B74-435F-AF9A-4E4EA37E9FAE}.Release|Any CPU.ActiveCfg = Release|Any CPU
		{AB21F047-8B74-435F-AF9A-4E4EA37E9FAE}.Release|Any CPU.Build.0 = Release|Any CPU
	EndGlobalSection
	GlobalSection(SolutionProperties) = preSolution
		HideSolutionNode = FALSE
	EndGlobalSection
	GlobalSection(ExtensibilityGlobals) = postSolution
		SolutionGuid = {6951E190-937F-4AF8-AC45-2C56C5DA5FD9}
	EndGlobalSection
EndGlobal
